
Microsoft Visual Studio Solution File, Format Version 12.00
# Visual Studio 2012
Project("{FAE04EC0-301F-11D3-BF4B-00C04F79EFBC}") = "bibliotecaControle", "bibliotecaControle\bibliotecaControle.csproj", "{A7E16394-81E3-4824-8D32-3802881E76BB}"
EndProject
Project("{840C416C-B8F3-42BC-B0DD-F6BB14C9F8CB}") = "Instalador", "Instalador\Instalador.aiproj", "{4BBA087B-4A6D-48D2-AE52-10731C05A83D}"
EndProject
Global
	GlobalSection(SolutionConfigurationPlatforms) = preSolution
		Debug|Any CPU = Debug|Any CPU
		DefaultBuild|Any CPU = DefaultBuild|Any CPU
		Release|Any CPU = Release|Any CPU
	EndGlobalSection
	GlobalSection(ProjectConfigurationPlatforms) = postSolution
		{A7E16394-81E3-4824-8D32-3802881E76BB}.Debug|Any CPU.ActiveCfg = Debug|Any CPU
		{A7E16394-81E3-4824-8D32-3802881E76BB}.Debug|Any CPU.Build.0 = Debug|Any CPU
		{A7E16394-81E3-4824-8D32-3802881E76BB}.DefaultBuild|Any CPU.ActiveCfg = Debug|Any CPU
		{A7E16394-81E3-4824-8D32-3802881E76BB}.DefaultBuild|Any CPU.Build.0 = Debug|Any CPU
		{A7E16394-81E3-4824-8D32-3802881E76BB}.Release|Any CPU.ActiveCfg = Release|Any CPU
		{A7E16394-81E3-4824-8D32-3802881E76BB}.Release|Any CPU.Build.0 = Release|Any CPU
		{4BBA087B-4A6D-48D2-AE52-10731C05A83D}.Debug|Any CPU.ActiveCfg = DefaultBuild
		{4BBA087B-4A6D-48D2-AE52-10731C05A83D}.Debug|Any CPU.Build.0 = DefaultBuild
		{4BBA087B-4A6D-48D2-AE52-10731C05A83D}.DefaultBuild|Any CPU.ActiveCfg = DefaultBuild
		{4BBA087B-4A6D-48D2-AE52-10731C05A83D}.DefaultBuild|Any CPU.Build.0 = DefaultBuild
		{4BBA087B-4A6D-48D2-AE52-10731C05A83D}.Release|Any CPU.ActiveCfg = DefaultBuild
		{4BBA087B-4A6D-48D2-AE52-10731C05A83D}.Release|Any CPU.Build.0 = DefaultBuild
	EndGlobalSection
	GlobalSection(SolutionProperties) = preSolution
		HideSolutionNode = FALSE
	EndGlobalSection
EndGlobal
